
Microsoft Visual Studio Solution File, Format Version 12.00
# Visual Studio 15
VisualStudioVersion = 15.0.27130.2036
MinimumVisualStudioVersion = 10.0.40219.1
Project("{8BC9CEB8-8B4A-11D0-8D11-00A0C91BC942}") = "PS1", "PS1\PS1.vcxproj", "{6070DB55-0ED7-49AB-A783-C64CC5E36827}"
EndProject
Project("{8BC9CEB8-8B4A-11D0-8D11-00A0C91BC942}") = "PS2", "PS2\PS2.vcxproj", "{D6A3FDDE-6F2D-4FFD-AF33-328E22E45C17}"
EndProject
Project("{8BC9CEB8-8B4A-11D0-8D11-00A0C91BC942}") = "PS3", "PS3\PS3.vcxproj", "{745D0CD0-2D44-4698-ADB3-655E4AC0058A}"
EndProject
Project("{8BC9CEB8-8B4A-11D0-8D11-00A0C91BC942}") = "PS4", "PS4\PS4.vcxproj", "{5640A8FB-478F-433E-82BD-175F7206567A}"
EndProject
Project("{8BC9CEB8-8B4A-11D0-8D11-00A0C91BC942}") = "PS5", "PS5\PS5.vcxproj", "{265C63CB-1C35-48E9-926A-793B37F93D95}"
EndProject
Project("{8BC9CEB8-8B4A-11D0-8D11-00A0C91BC942}") = "PS6", "PS6\PS6.vcxproj", "{764F4279-2AF6-42AE-A9AC-227CFDEA2209}"
EndProject
Project("{8BC9CEB8-8B4A-11D0-8D11-00A0C91BC942}") = "PS7", "PS7\PS7.vcxproj", "{A5E2E3CC-4487-45BE-B84E-49202A55BDB3}"
EndProject
Project("{8BC9CEB8-8B4A-11D0-8D11-00A0C91BC942}") = "PS8", "PS8\PS8.vcxproj", "{0E661258-C713-4455-BA0A-63167EA0359F}"
EndProject
Global
	GlobalSection(SolutionConfigurationPlatforms) = preSolution
		Debug|x64 = Debug|x64
		Debug|x86 = Debug|x86
		Release|x64 = Release|x64
		Release|x86 = Release|x86
	EndGlobalSection
	GlobalSection(ProjectConfigurationPlatforms) = postSolution
		{6070DB55-0ED7-49AB-A783-C64CC5E36827}.Debug|x64.ActiveCfg = Debug|x64
		{6070DB55-0ED7-49AB-A783-C64CC5E36827}.Debug|x64.Build.0 = Debug|x64
		{6070DB55-0ED7-49AB-A783-C64CC5E36827}.Debug|x86.ActiveCfg = Debug|Win32
		{6070DB55-0ED7-49AB-A783-C64CC5E36827}.Debug|x86.Build.0 = Debug|Win32
		{6070DB55-0ED7-49AB-A783-C64CC5E36827}.Release|x64.ActiveCfg = Release|x64
		{6070DB55-0ED7-49AB-A783-C64CC5E36827}.Release|x64.Build.0 = Release|x64
		{6070DB55-0ED7-49AB-A783-C64CC5E36827}.Release|x86.ActiveCfg = Release|Win32
		{6070DB55-0ED7-49AB-A783-C64CC5E36827}.Release|x86.Build.0 = Release|Win32
		{D6A3FDDE-6F2D-4FFD-AF33-328E22E45C17}.Debug|x64.ActiveCfg = Debug|x64
		{D6A3FDDE-6F2D-4FFD-AF33-328E22E45C17}.Debug|x64.Build.0 = Debug|x64
		{D6A3FDDE-6F2D-4FFD-AF33-328E22E45C17}.Debug|x86.ActiveCfg = Debug|Win32
		{D6A3FDDE-6F2D-4FFD-AF33-328E22E45C17}.Debug|x86.Build.0 = Debug|Win32
		{D6A3FDDE-6F2D-4FFD-AF33-328E22E45C17}.Release|x64.ActiveCfg = Release|x64
		{D6A3FDDE-6F2D-4FFD-AF33-328E22E45C17}.Release|x64.Build.0 = Release|x64
		{D6A3FDDE-6F2D-4FFD-AF33-328E22E45C17}.Release|x86.ActiveCfg = Release|Win32
		{D6A3FDDE-6F2D-4FFD-AF33-328E22E45C17}.Release|x86.Build.0 = Release|Win32
		{745D0CD0-2D44-4698-ADB3-655E4AC0058A}.Debug|x64.ActiveCfg = Debug|x64
		{745D0CD0-2D44-4698-ADB3-655E4AC0058A}.Debug|x64.Build.0 = Debug|x64
		{745D0CD0-2D44-4698-ADB3-655E4AC0058A}.Debug|x86.ActiveCfg = Debug|Win32
		{745D0CD0-2D44-4698-ADB3-655E4AC0058A}.Debug|x86.Build.0 = Debug|Win32
		{745D0CD0-2D44-4698-ADB3-655E4AC0058A}.Release|x64.ActiveCfg = Release|x64
		{745D0CD0-2D44-4698-ADB3-655E4AC0058A}.Release|x64.Build.0 = Release|x64
		{745D0CD0-2D44-4698-ADB3-655E4AC0058A}.Release|x86.ActiveCfg = Release|Win32
		{745D0CD0-2D44-4698-ADB3-655E4AC0058A}.Release|x86.Build.0 = Release|Win32
		{5640A8FB-478F-433E-82BD-175F7206567A}.Debug|x64.ActiveCfg = Debug|x64
		{5640A8FB-478F-433E-82BD-175F7206567A}.Debug|x64.Build.0 = Debug|x64
		{5640A8FB-478F-433E-82BD-175F7206567A}.Debug|x86.ActiveCfg = Debug|Win32
		{5640A8FB-478F-433E-82BD-175F7206567A}.Debug|x86.Build.0 = Debug|Win32
		{5640A8FB-478F-433E-82BD-175F7206567A}.Release|x64.ActiveCfg = Release|x64
		{5640A8FB-478F-433E-82BD-175F7206567A}.Release|x64.Build.0 = Release|x64
		{5640A8FB-478F-433E-82BD-175F7206567A}.Release|x86.ActiveCfg = Release|Win32
		{5640A8FB-478F-433E-82BD-175F7206567A}.Release|x86.Build.0 = Release|Win32
		{265C63CB-1C35-48E9-926A-793B37F93D95}.Debug|x64.ActiveCfg = Debug|x64
		{265C63CB-1C35-48E9-926A-793B37F93D95}.Debug|x64.Build.0 = Debug|x64
		{265C63CB-1C35-48E9-926A-793B37F93D95}.Debug|x86.ActiveCfg = Debug|Win32
		{265C63CB-1C35-48E9-926A-793B37F93D95}.Debug|x86.Build.0 = Debug|Win32
		{265C63CB-1C35-48E9-926A-793B37F93D95}.Release|x64.ActiveCfg = Release|x64
		{265C63CB-1C35-48E9-926A-793B37F93D95}.Release|x64.Build.0 = Release|x64
		{265C63CB-1C35-48E9-926A-793B37F93D95}.Release|x86.ActiveCfg = Release|Win32
		{265C63CB-1C35-48E9-926A-793B37F93D95}.Release|x86.Build.0 = Release|Win32
		{764F4279-2AF6-42AE-A9AC-227CFDEA2209}.Debug|x64.ActiveCfg = Debug|x64
		{764F4279-2AF6-42AE-A9AC-227CFDEA2209}.Debug|x64.Build.0 = Debug|x64
		{764F4279-2AF6-42AE-A9AC-227CFDEA2209}.Debug|x86.ActiveCfg = Debug|Win32
		{764F4279-2AF6-42AE-A9AC-227CFDEA2209}.Debug|x86.Build.0 = Debug|Win32
		{764F4279-2AF6-42AE-A9AC-227CFDEA2209}.Release|x64.ActiveCfg = Release|x64
		{764F4279-2AF6-42AE-A9AC-227CFDEA2209}.Release|x64.Build.0 = Release|x64
		{764F4279-2AF6-42AE-A9AC-227CFDEA2209}.Release|x86.ActiveCfg = Release|Win32
		{764F4279-2AF6-42AE-A9AC-227CFDEA2209}.Release|x86.Build.0 = Release|Win32
		{A5E2E3CC-4487-45BE-B84E-49202A55BDB3}.Debug|x64.ActiveCfg = Debug|x64
		{A5E2E3CC-4487-45BE-B84E-49202A55BDB3}.Debug|x64.Build.0 = Debug|x64
		{A5E2E3CC-4487-45BE-B84E-49202A55BDB3}.Debug|x86.ActiveCfg = Debug|Win32
		{A5E2E3CC-4487-45BE-B84E-49202A55BDB3}.Debug|x86.Build.0 = Debug|Win32
		{A5E2E3CC-4487-45BE-B84E-49202A55BDB3}.Release|x64.ActiveCfg = Release|x64
		{A5E2E3CC-4487-45BE-B84E-49202A55BDB3}.Release|x64.Build.0 = Release|x64
		{A5E2E3CC-4487-45BE-B84E-49202A55BDB3}.Release|x86.ActiveCfg = Release|Win32
		{A5E2E3CC-4487-45BE-B84E-49202A55BDB3}.Release|x86.Build.0 = Release|Win32
		{0E661258-C713-4455-BA0A-63167EA0359F}.Debug|x64.ActiveCfg = Debug|x64
		{0E661258-C713-4455-BA0A-63167EA0359F}.Debug|x64.Build.0 = Debug|x64
		{0E661258-C713-4455-BA0A-63167EA0359F}.Debug|x86.ActiveCfg = Debug|Win32
		{0E661258-C713-4455-BA0A-63167EA0359F}.Debug|x86.Build.0 = Debug|Win32
		{0E661258-C713-4455-BA0A-63167EA0359F}.Release|x64.ActiveCfg = Release|x64
		{0E661258-C713-4455-BA0A-63167EA0359F}.Release|x64.Build.0 = Release|x64
		{0E661258-C713-4455-BA0A-63167EA0359F}.Release|x86.ActiveCfg = Release|Win32
		{0E661258-C713-4455-BA0A-63167EA0359F}.Release|x86.Build.0 = Release|Win32
	EndGlobalSection
	GlobalSection(SolutionProperties) = preSolution
		HideSolutionNode = FALSE
	EndGlobalSection
	GlobalSection(ExtensibilityGlobals) = postSolution
		SolutionGuid = {93AC689B-F254-4BB0-8986-F13C29B68E6C}
	EndGlobalSection
EndGlobal
